schema: '2.0'
stages:
  week10_ort_evidence:
    cmd: python scripts/week10_register_ort_evidence.py
    deps:
    - path: artifacts/benchmarks/ort_week09.csv
      hash: md5
      md5: 8e452666a4d3247d359a2116edcf7ad3
      size: 377
    - path: artifacts/benchmarks/ort_week09_profile_20260507.json
      hash: md5
      md5: 28b841343ce5e4cfeb1c4fd838f22224
      size: 1218
    - path: artifacts/benchmarks/ort_week09_runtime_matrix.csv
      hash: md5
      md5: 2635a3b23f26aa70fb81e5b2727b89fd
      size: 2356
    - path: scripts/week10_register_ort_evidence.py
      hash: md5
      md5: 824baa6c6b1c7c22493dc7b66e54c76a
      size: 5188
    outs:
    - path: artifacts/benchmarks/week10_ort_evidence_manifest.json
      hash: md5
      md5: 35798da9fbbf1c8db0783851548814b4
      size: 801
    - path: artifacts/benchmarks/week10_ort_evidence_metrics.json
      hash: md5
      md5: c61599c84395874a0c39925ffd0ed7a9
      size: 426
  week11_eval_v0:
    cmd: bash -lc 'python scripts/run_eval.py --samples 
      artifacts/manifests/week11_soundlayer_eval_samples.json --out-json 
      artifacts/evals/week11_eval_v0.json --out-csv 
      artifacts/evals/week11_eval_v0.csv --out-metrics 
      artifacts/evals/week11_eval_v0_metrics.json && python 
      scripts/attach_eval_bridge.py --bridge 
      artifacts/manifests/week11_crossrepo_task_bridge.json --out-json 
      artifacts/evals/week11_eval_v0.json --out-csv 
      artifacts/evals/week11_eval_v0.csv --out-metrics 
      artifacts/evals/week11_eval_v0_metrics.json'
    deps:
    - path: artifacts/manifests/week11_crossrepo_task_bridge.json
      hash: md5
      md5: 31154eef258709c23779e58bbcb24a3d
      size: 3456
    - path: artifacts/manifests/week11_soundlayer_eval_samples.json
      hash: md5
      md5: 3cda385b50c49afcc3cc29a6a929fa79
      size: 2266
    - path: scripts/attach_eval_bridge.py
      hash: md5
      md5: 8a7dd1c6c1b18fa12eb3dddc71c25ec8
      size: 4529
      isexec: true
    - path: scripts/run_eval.py
      hash: md5
      md5: c08ae69355f5054ad0edee94cdcecb06
      size: 10249
      isexec: true
    outs:
    - path: artifacts/evals/week11_eval_v0.csv
      hash: md5
      md5: f7a24babe1d7ae9e4a7238bd1a1139fa
      size: 3044
    - path: artifacts/evals/week11_eval_v0.json
      hash: md5
      md5: f1fe3610f3a3b6dfe5151a0765e3d5da
      size: 8405
    - path: artifacts/evals/week11_eval_v0_metrics.json
      hash: md5
      md5: 0031f9342aab6e5f15fd196752128e8a
      size: 1482
